{
  "requires": true,
  "lockfileVersion": 1,
  "dependencies": {
    "todomvc-app-css": {
      "version": "2.1.2",
      "resolved": "https://artifactory.zymeworks.com:443/api/npm/npm/todomvc-app-css/-/todomvc-app-css-2.1.2.tgz",
      "integrity": "sha1-9kTBMIulG5g0Nkl+MPOr6WHKnGI="
    },
    "todomvc-common": {
      "version": "1.0.5",
      "resolved": "https://artifactory.zymeworks.com:443/api/npm/npm/todomvc-common/-/todomvc-common-1.0.5.tgz",
      "integrity": "sha1-jD55msnx/BVz4MIE+YRRCCaRRzA="
    },
    "treetop-client": {
      "version": "0.9.0",
      "resolved": "https://registry.npmjs.org/treetop-client/-/treetop-client-0.9.0.tgz",
      "integrity": "sha512-IXxqy+gmVY/5oSO6htIYcV2bqTgEB9OIOQ486hOOQukrBDZZTGaIQvagBQno3RL24Apu90b4QY38mlXGzBhDqg=="
    }
  }
}
